PODS:
  - CocoaLumberjack (2.4.0):
    - CocoaLumberjack/Default (= 2.4.0)
    - CocoaLumberjack/Extensions (= 2.4.0)
  - CocoaLumberjack/Core (2.4.0)
  - CocoaLumberjack/Default (2.4.0):
    - CocoaLumberjack/Core
  - CocoaLumberjack/Extensions (2.4.0):
    - CocoaLumberjack/Default
  - DGActivityIndicatorView (2.1.1)
  - KurentoToolbox (0.6.0):
    - KurentoToolbox/Default (= 0.6.0)
  - KurentoToolbox/Default (0.6.0):
    - KurentoToolbox/JSON-RPC
    - KurentoToolbox/Room
    - KurentoToolbox/Tree
    - KurentoToolbox/WebRTC
  - KurentoToolbox/JSON-RPC (0.6.0):
    - KurentoToolbox/Utils
    - SBJson (~> 4.0.2)
    - SocketRocket (~> 0.5.1)
  - KurentoToolbox/Room (0.6.0):
    - KurentoToolbox/JSON-RPC
    - KurentoToolbox/Utils
    - KurentoToolbox/WebRTC
  - KurentoToolbox/Tree (0.6.0):
    - KurentoToolbox/JSON-RPC
    - KurentoToolbox/Utils
    - KurentoToolbox/WebRTC
  - KurentoToolbox/Utils (0.6.0):
    - CocoaLumberjack (~> 2.4.0)
  - KurentoToolbox/WebRTC (0.6.0):
    - KurentoToolbox/Utils
  - Masonry (0.6.4)
  - MBProgressHUD (0.9.2)
  - Reachability (3.2)
  - SBJson (4.0.5)
  - SocketRocket (0.5.1)
  - WebRTC (63.11.20455)

DEPENDENCIES:
  - CocoaLumberjack (= 2.4.0)
  - DGActivityIndicatorView
  - KurentoToolbox (from `.`)
  - Masonry (~> 0.6.4)
  - MBProgressHUD (~> 0.9.2)
  - Reachability (~> 3.2)
  - SBJson (~> 4.0.2)
  - SocketRocket (~> 0.5.1)
  - WebRTC

SPEC REPOS:
  https://github.com/cocoapods/specs.git:
    - CocoaLumberjack
    - DGActivityIndicatorView
    - Masonry
    - MBProgressHUD
    - Reachability
    - SBJson
    - SocketRocket
    - WebRTC

EXTERNAL SOURCES:
  KurentoToolbox:
    :path: "."

SPEC CHECKSUMS:
  CocoaLumberjack: aa9dcab71bdf9eaf2a63bbd9ddc87863efe45457
  DGActivityIndicatorView: ff2c76073d79692f724863c8dd38685866a03cb6
  KurentoToolbox: 8327041ef7c6d7dcbebb49c5a76ee74597728410
  Masonry: 281802d04d787ea2973179ee8bcb50500579ede2
  MBProgressHUD: 1569cf7ace17a8bac47aabfbb8580a49690386d1
  Reachability: 33e18b67625424e47b6cde6d202dce689ad7af96
  SBJson: af3137ccda22be3004487524da0a071c75d4251b
  SocketRocket: d57c7159b83c3c6655745cd15302aa24b6bae531
  WebRTC: f2a6203584745fe53532633397557876b5d71640

PODFILE CHECKSUM: bcc49c78a91413fcbf9ce837665ccea755c666ec

COCOAPODS: 1.5.3
