PODS:
  - CocoaLumberjack (3.4.2):
    - CocoaLumberjack/Default (= 3.4.2)
    - CocoaLumberjack/Extensions (= 3.4.2)
  - CocoaLumberjack/Default (3.4.2)
  - CocoaLumberjack/Extensions (3.4.2):
    - CocoaLumberjack/Default
  - DGActivityIndicatorView (2.1.1)
  - KurentoToolbox (0.6.0):
    - KurentoToolbox/Default (= 0.6.0)
  - KurentoToolbox/Default (0.6.0):
    - KurentoToolbox/JSON-RPC
    - KurentoToolbox/Room
    - KurentoToolbox/Tree
    - KurentoToolbox/WebRTC
  - KurentoToolbox/JSON-RPC (0.6.0):
    - KurentoToolbox/Utils
    - SBJson (~> 4.0.2)
    - SocketRocket (~> 0.5.1)
  - KurentoToolbox/Room (0.6.0):
    - KurentoToolbox/JSON-RPC
    - KurentoToolbox/Utils
    - KurentoToolbox/WebRTC
  - KurentoToolbox/Tree (0.6.0):
    - KurentoToolbox/JSON-RPC
    - KurentoToolbox/Utils
    - KurentoToolbox/WebRTC
  - KurentoToolbox/Utils (0.6.0):
    - CocoaLumberjack (~> 3.4.2)
  - KurentoToolbox/WebRTC (0.6.0):
    - KurentoToolbox/Utils
  - Masonry (0.6.4)
  - MBProgressHUD (0.9.2)
  - Reachability (3.2)
  - SBJson (4.0.5)
  - SocketRocket (0.5.1)

DEPENDENCIES:
  - CocoaLumberjack (~> 3.4.2)
  - DGActivityIndicatorView
  - KurentoToolbox (from `.`)
  - Masonry (~> 0.6.4)
  - MBProgressHUD (~> 0.9.2)
  - Reachability (~> 3.2)
  - SBJson (~> 4.0.2)
  - SocketRocket (~> 0.5.1)

SPEC REPOS:
  https://github.com/cocoapods/specs.git:
    - CocoaLumberjack
    - DGActivityIndicatorView
    - Masonry
    - MBProgressHUD
    - Reachability
    - SBJson
    - SocketRocket

EXTERNAL SOURCES:
  KurentoToolbox:
    :path: "."

SPEC CHECKSUMS:
  CocoaLumberjack: db7cc9e464771f12054c22ff6947c5a58d43a0fd
  DGActivityIndicatorView: ff2c76073d79692f724863c8dd38685866a03cb6
  KurentoToolbox: 57287837841ed6c6ef3b2d6807249c10e284ea38
  Masonry: 281802d04d787ea2973179ee8bcb50500579ede2
  MBProgressHUD: 1569cf7ace17a8bac47aabfbb8580a49690386d1
  Reachability: 33e18b67625424e47b6cde6d202dce689ad7af96
  SBJson: af3137ccda22be3004487524da0a071c75d4251b
  SocketRocket: d57c7159b83c3c6655745cd15302aa24b6bae531

PODFILE CHECKSUM: b44088cde2f1db59fc322495a3f9b137ff0343de

COCOAPODS: 1.5.3
